
Microsoft Visual Studio Solution File, Format Version 12.00
# Visual Studio Version 17
VisualStudioVersion = 17.13.35931.197 d17.13
MinimumVisualStudioVersion = 10.0.40219.1
Project("{FAE04EC0-301F-11D3-BF4B-00C04F79EFBC}") = "522_Molchanov", "522_Molchanov\522_Molchanov.csproj", "{8B6BC6E9-442A-47A1-BCDC-A49ED0E4A752}"
EndProject
Global
	GlobalSection(SolutionConfigurationPlatforms) = preSolution
		Debug|Any CPU = Debug|Any CPU
		Release|Any CPU = Release|Any CPU
	EndGlobalSection
	GlobalSection(ProjectConfigurationPlatforms) = postSolution
		{8B6BC6E9-442A-47A1-BCDC-A49ED0E4A752}.Debug|Any CPU.ActiveCfg = Debug|Any CPU
		{8B6BC6E9-442A-47A1-BCDC-A49ED0E4A752}.Debug|Any CPU.Build.0 = Debug|Any CPU
		{8B6BC6E9-442A-47A1-BCDC-A49ED0E4A752}.Release|Any CPU.ActiveCfg = Release|Any CPU
		{8B6BC6E9-442A-47A1-BCDC-A49ED0E4A752}.Release|Any CPU.Build.0 = Release|Any CPU
	EndGlobalSection
	GlobalSection(SolutionProperties) = preSolution
		HideSolutionNode = FALSE
	EndGlobalSection
	GlobalSection(ExtensibilityGlobals) = postSolution
		SolutionGuid = {C8A9A7D4-4B14-4E05-8E77-AC3ECD631762}
	EndGlobalSection
EndGlobal
